
Microsoft Visual Studio Solution File, Format Version 12.00
# Visual Studio 15
VisualStudioVersion = 15.0.28010.0
MinimumVisualStudioVersion = 10.0.40219.1
Project("{FAE04EC0-301F-11D3-BF4B-00C04F79EFBC}") = "Ith.Domain", "Ith.Domain\Ith.Domain.csproj", "{7A2E8853-73AC-482A-957E-F5D21D8D62E4}"
EndProject
Project("{FAE04EC0-301F-11D3-BF4B-00C04F79EFBC}") = "Ith.WebUI", "Ith.WebUI\Ith.WebUI.csproj", "{30CB9890-040E-4E3D-AC04-B7EE2981F4C8}"
EndProject
Global
	GlobalSection(SolutionConfigurationPlatforms) = preSolution
		Debug|Any CPU = Debug|Any CPU
		Release|Any CPU = Release|Any CPU
	EndGlobalSection
	GlobalSection(ProjectConfigurationPlatforms) = postSolution
		{7A2E8853-73AC-482A-957E-F5D21D8D62E4}.Debug|Any CPU.ActiveCfg = Debug|Any CPU
		{7A2E8853-73AC-482A-957E-F5D21D8D62E4}.Debug|Any CPU.Build.0 = Debug|Any CPU
		{7A2E8853-73AC-482A-957E-F5D21D8D62E4}.Release|Any CPU.ActiveCfg = Release|Any CPU
		{7A2E8853-73AC-482A-957E-F5D21D8D62E4}.Release|Any CPU.Build.0 = Release|Any CPU
		{30CB9890-040E-4E3D-AC04-B7EE2981F4C8}.Debug|Any CPU.ActiveCfg = Debug|Any CPU
		{30CB9890-040E-4E3D-AC04-B7EE2981F4C8}.Debug|Any CPU.Build.0 = Debug|Any CPU
		{30CB9890-040E-4E3D-AC04-B7EE2981F4C8}.Release|Any CPU.ActiveCfg = Release|Any CPU
		{30CB9890-040E-4E3D-AC04-B7EE2981F4C8}.Release|Any CPU.Build.0 = Release|Any CPU
	EndGlobalSection
	GlobalSection(SolutionProperties) = preSolution
		HideSolutionNode = FALSE
	EndGlobalSection
	GlobalSection(ExtensibilityGlobals) = postSolution
		SolutionGuid = {C273EF14-68B8-4749-A22B-F0DF20761BB4}
	EndGlobalSection
EndGlobal
